
Microsoft Visual Studio Solution File, Format Version 12.00
# Visual Studio Version 16
VisualStudioVersion = 16.0.29521.150
MinimumVisualStudioVersion = 10.0.40219.1
Project("{FAE04EC0-301F-11D3-BF4B-00C04F79EFBC}") = "WindowsAutheticationSampe", "WindowsAutheticationSampe\WindowsAutheticationSampe.csproj", "{711F02F4-4641-458C-BE65-9B887152621C}"
EndProject
Global
	GlobalSection(SolutionConfigurationPlatforms) = preSolution
		Debug|Any CPU = Debug|Any CPU
		Release|Any CPU = Release|Any CPU
	EndGlobalSection
	GlobalSection(ProjectConfigurationPlatforms) = postSolution
		{711F02F4-4641-458C-BE65-9B887152621C}.Debug|Any CPU.ActiveCfg = Debug|Any CPU
		{711F02F4-4641-458C-BE65-9B887152621C}.Debug|Any CPU.Build.0 = Debug|Any CPU
		{711F02F4-4641-458C-BE65-9B887152621C}.Release|Any CPU.ActiveCfg = Release|Any CPU
		{711F02F4-4641-458C-BE65-9B887152621C}.Release|Any CPU.Build.0 = Release|Any CPU
	EndGlobalSection
	GlobalSection(SolutionProperties) = preSolution
		HideSolutionNode = FALSE
	EndGlobalSection
	GlobalSection(ExtensibilityGlobals) = postSolution
		SolutionGuid = {7D885636-28BD-4B35-BE96-65408B1EDDFD}
	EndGlobalSection
EndGlobal
