
Microsoft Visual Studio Solution File, Format Version 12.00
# Visual Studio Version 16
VisualStudioVersion = 16.0.29721.120
MinimumVisualStudioVersion = 10.0.40219.1
Project("{FAE04EC0-301F-11D3-BF4B-00C04F79EFBC}") = "ResourceAuthorizeSample", "ResourceAuthorizeSample\ResourceAuthorizeSample.csproj", "{079852CE-E783-4830-A5B9-2050453D4E4B}"
EndProject
Global
	GlobalSection(SolutionConfigurationPlatforms) = preSolution
		Debug|Any CPU = Debug|Any CPU
		Release|Any CPU = Release|Any CPU
	EndGlobalSection
	GlobalSection(ProjectConfigurationPlatforms) = postSolution
		{079852CE-E783-4830-A5B9-2050453D4E4B}.Debug|Any CPU.ActiveCfg = Debug|Any CPU
		{079852CE-E783-4830-A5B9-2050453D4E4B}.Debug|Any CPU.Build.0 = Debug|Any CPU
		{079852CE-E783-4830-A5B9-2050453D4E4B}.Release|Any CPU.ActiveCfg = Release|Any CPU
		{079852CE-E783-4830-A5B9-2050453D4E4B}.Release|Any CPU.Build.0 = Release|Any CPU
	EndGlobalSection
	GlobalSection(SolutionProperties) = preSolution
		HideSolutionNode = FALSE
	EndGlobalSection
	GlobalSection(ExtensibilityGlobals) = postSolution
		SolutionGuid = {43899FBC-E5A7-43DA-89D3-4681D0052AFE}
	EndGlobalSection
EndGlobal
