
Microsoft Visual Studio Solution File, Format Version 12.00
# Visual Studio Version 16
VisualStudioVersion = 16.0.29721.120
MinimumVisualStudioVersion = 10.0.40219.1
Project("{FAE04EC0-301F-11D3-BF4B-00C04F79EFBC}") = "StaticFileSample", "StaticFileSample\StaticFileSample.csproj", "{A53F283C-B9E8-4F96-9634-9284B8B79A00}"
EndProject
Global
	GlobalSection(SolutionConfigurationPlatforms) = preSolution
		Debug|Any CPU = Debug|Any CPU
		Release|Any CPU = Release|Any CPU
	EndGlobalSection
	GlobalSection(ProjectConfigurationPlatforms) = postSolution
		{A53F283C-B9E8-4F96-9634-9284B8B79A00}.Debug|Any CPU.ActiveCfg = Debug|Any CPU
		{A53F283C-B9E8-4F96-9634-9284B8B79A00}.Debug|Any CPU.Build.0 = Debug|Any CPU
		{A53F283C-B9E8-4F96-9634-9284B8B79A00}.Release|Any CPU.ActiveCfg = Release|Any CPU
		{A53F283C-B9E8-4F96-9634-9284B8B79A00}.Release|Any CPU.Build.0 = Release|Any CPU
	EndGlobalSection
	GlobalSection(SolutionProperties) = preSolution
		HideSolutionNode = FALSE
	EndGlobalSection
	GlobalSection(ExtensibilityGlobals) = postSolution
		SolutionGuid = {ECFD35EB-FB4A-40BC-91D3-41B2519F13E0}
	EndGlobalSection
EndGlobal
