
Microsoft Visual Studio Solution File, Format Version 12.00
# Visual Studio 15
VisualStudioVersion = 15.0.28307.757
MinimumVisualStudioVersion = 10.0.40219.1
Project("{9A19103F-16F7-4668-BE54-9A1E7A4F7556}") = "AutoSample", "AutoSample\AutoSample.csproj", "{A6C40DE9-2FCD-4442-95EC-A3CF2A1B2F7A}"
EndProject
Project("{FAE04EC0-301F-11D3-BF4B-00C04F79EFBC}") = "BuildBunderMiniFileSample", "BuildBunderMiniFileSample\BuildBunderMiniFileSample.csproj", "{A55E1BBE-DBE3-4B16-8F5A-7168D04F3C0E}"
EndProject
Global
	GlobalSection(SolutionConfigurationPlatforms) = preSolution
		Debug|Any CPU = Debug|Any CPU
		Release|Any CPU = Release|Any CPU
	EndGlobalSection
	GlobalSection(ProjectConfigurationPlatforms) = postSolution
		{A6C40DE9-2FCD-4442-95EC-A3CF2A1B2F7A}.Debug|Any CPU.ActiveCfg = Debug|Any CPU
		{A6C40DE9-2FCD-4442-95EC-A3CF2A1B2F7A}.Debug|Any CPU.Build.0 = Debug|Any CPU
		{A6C40DE9-2FCD-4442-95EC-A3CF2A1B2F7A}.Release|Any CPU.ActiveCfg = Release|Any CPU
		{A6C40DE9-2FCD-4442-95EC-A3CF2A1B2F7A}.Release|Any CPU.Build.0 = Release|Any CPU
		{A55E1BBE-DBE3-4B16-8F5A-7168D04F3C0E}.Debug|Any CPU.ActiveCfg = Debug|Any CPU
		{A55E1BBE-DBE3-4B16-8F5A-7168D04F3C0E}.Debug|Any CPU.Build.0 = Debug|Any CPU
		{A55E1BBE-DBE3-4B16-8F5A-7168D04F3C0E}.Release|Any CPU.ActiveCfg = Release|Any CPU
		{A55E1BBE-DBE3-4B16-8F5A-7168D04F3C0E}.Release|Any CPU.Build.0 = Release|Any CPU
	EndGlobalSection
	GlobalSection(SolutionProperties) = preSolution
		HideSolutionNode = FALSE
	EndGlobalSection
	GlobalSection(ExtensibilityGlobals) = postSolution
		SolutionGuid = {743EF309-A59B-431D-8FED-342996A3BF78}
	EndGlobalSection
EndGlobal
